PODS:
  - AudioKit (4.6.1):
    - AudioKit/Core (= 4.6.1)
    - AudioKit/UI (= 4.6.1)
  - AudioKit/Core (4.6.1)
  - AudioKit/UI (4.6.1):
    - AudioKit/Core

DEPENDENCIES:
  - AudioKit

SPEC REPOS:
  https://github.com/cocoapods/specs.git:
    - AudioKit

SPEC CHECKSUMS:
  AudioKit: 76f8f5dbed135967b91b6cc6aa970e3d30226134

PODFILE CHECKSUM: 5a6434f309ea8a44a468df0e4e5e9a811cee6744

COCOAPODS: 1.5.3
